# This file was autogenerated by Stack.
# You should not edit this file by hand.
# For more information, please see the documentation at:
#   https://docs.haskellstack.org/en/stable/topics/lock_files

packages:
- completed:
    hackage: global-lock-0.1@sha256:b7affe140763f53f17fd9c937dfe9b8023c7d209216fb3793933957e49a7446f,1327
    pantry-tree:
      sha256: d909a170116ad483db6fc9d5190211f6a0e4b7dcd8e87f38ff2337b6a9bd9be6
      size: 492
  original:
    hackage: global-lock-0.1
- completed:
    hackage: logging-effect-1.3.12@sha256:72d168dd09887649ba9501627219b6027cbec2d5541931555b7885b133785ce3,1679
    pantry-tree:
      sha256: 3907e21147987af4f1590abce025e7439f0d338444f259791068c361d586117f
      size: 330
  original:
    hackage: logging-effect-1.3.12
- completed:
    hackage: hexstring-0.11.1@sha256:95b680b5cf68c6ec098eef383343520ca8c8c4b5319592f6b93f7b2ee2bb0186,1833
    pantry-tree:
      sha256: 4c6c92c5511115afbead6b5a9469fa967c747894964436fec286e570c14018ea
      size: 433
  original:
    hackage: hexstring-0.11.1
- completed:
    hackage: hflags-0.4.3@sha256:f6b85fc7cbd170787f49225646e62d5589e5dd75abe6f26d16287e5fff3e678e,3121
    pantry-tree:
      sha256: 2519de50ccfe2d47f03aad3cff660617aab4beea7a6c003c50f94aa74d63a7c7
      size: 853
  original:
    hackage: hflags-0.4.3
- completed:
    hackage: hoopl-3.10.2.2@sha256:ddd36c30f166b179173502ef6f8179f96f59671442060b61f6716ff825f9d748,3317
    pantry-tree:
      sha256: 08339d61c1955f5c2d3ed509d083304a02dd5db34f461bc7c329e93d3cbdb54c
      size: 1711
  original:
    hackage: hoopl-3.10.2.2
- completed:
    hackage: prometheus-metrics-ghc-0.3.0@sha256:e41c2d41902eedd0d1bd2adde6595161a57748c69b63670982f35d054aed27d2,1264
    pantry-tree:
      sha256: b1606b3a680f669a7ad354dc34fbde704632809c5165f8588e71f502d42a6140
      size: 292
  original:
    hackage: prometheus-metrics-ghc-0.3.0
snapshots:
- completed:
    sha256: 95f014df58d0679b1c4a2b7bf2b652b61da8d30de5f571abb0d59015ef678646
    size: 509471
    url: https://raw.githubusercontent.com/commercialhaskell/stackage-snapshots/master/lts/12/26.yaml
  original: lts-12.26
