# This file was autogenerated by Stack.
# You should not edit this file by hand.
# For more information, please see the documentation at:
#   https://docs.haskellstack.org/en/stable/topics/lock_files

packages:
- completed:
    hackage: global-lock-0.1@sha256:b7affe140763f53f17fd9c937dfe9b8023c7d209216fb3793933957e49a7446f,1327
    pantry-tree:
      sha256: d909a170116ad483db6fc9d5190211f6a0e4b7dcd8e87f38ff2337b6a9bd9be6
      size: 492
  original:
    hackage: global-lock-0.1
- completed:
    hackage: logging-effect-1.1.1@sha256:92ad4eb3255974e4652d88b7fb49941092d78b74445ba991df4fecdffde0c650,1591
    pantry-tree:
      sha256: 2c6b20af949485c55850d082e758eec3458d6029bfe5a7d13ad1f551a9b6301e
      size: 330
  original:
    hackage: logging-effect-1.1.1
- completed:
    hackage: hflags-0.4.3@sha256:f6b85fc7cbd170787f49225646e62d5589e5dd75abe6f26d16287e5fff3e678e,3121
    pantry-tree:
      sha256: 2519de50ccfe2d47f03aad3cff660617aab4beea7a6c003c50f94aa74d63a7c7
      size: 853
  original:
    hackage: hflags-0.4.3
- completed:
    hackage: prometheus-metrics-ghc-1.0.1.2@sha256:216bcbf6cb2dbd382951ee05b8143e63ac74f8eda485b22d4d8cd891d7df12ba,1233
    pantry-tree:
      sha256: bc2355e4bf4649d095d56521bcab3154d99ec14e30c06a47e20fa2a205152c7f
      size: 293
  original:
    hackage: prometheus-metrics-ghc-1.0.1.2
- completed:
    hackage: async-2.1.1.1@sha256:2ce05388bbd8d78e17f130acfe60b2bd2b5a09b995c9f4eb7c2d1ae41a8b1652,2127
    pantry-tree:
      sha256: 0c3198d6428b2700244d094e2627dff1fcfb77601a811b150a845bfe957996eb
      size: 383
  original:
    hackage: async-2.1.1.1
- completed:
    hackage: exceptions-0.8.3@sha256:31626cabb107a00224da8df21c50b3df42d7f1a66edccfe44bdf551303b9cfcd,1942
    pantry-tree:
      sha256: 677fb70651c2092ef9ae3296063be3e80579caeffdffc78645f849c3d69aef80
      size: 906
  original:
    hackage: exceptions-0.8.3
- completed:
    hackage: free-4.12.4@sha256:c014d770f289f8afa7a4b7ff167dda84b8b4c341ab5c76088538735d575ab13e,3371
    pantry-tree:
      sha256: 44382c6d6cd9ac6df5a259ddf5e9b2d2a2c0f7b8a1aff5596ab62dabb85626d6
      size: 2812
  original:
    hackage: free-4.12.4
- completed:
    hackage: time-1.6.0.1@sha256:492067e1b6973db9df64bf0bc851985dabea138d8a35414fe9ee6870b4702c66,4232
    pantry-tree:
      sha256: ca87237ad8065079a9609385509cacb9444bb8c0f1ce2a70eacb88463dabe6fa
      size: 4350
  original:
    hackage: time-1.6.0.1
- completed:
    hackage: wl-pprint-text-1.2.0.2@sha256:1c4a530614dcba74090b9507e41909ba25a8089e5d5b2fe7f2a92bd8bedc81bd,1290
    pantry-tree:
      sha256: 956217b3e6565ffcd0ff658b7e2bf21415945f62deed4d13546221e689848344
      size: 413
  original:
    hackage: wl-pprint-text-1.2.0.2
- completed:
    hackage: directory-1.3.1.5@sha256:32305179022172a41fc74b83c726a1e4385725dee53ccb1fb869d000013a3788,2793
    pantry-tree:
      sha256: 4cc9afbabec713c46eeaa31e81c521838bf8e5f4779ebc5e0cc4c18a3bf8c1f1
      size: 3251
  original:
    hackage: directory-1.3.1.5
- completed:
    hackage: process-1.6.3.0@sha256:0001e606ee521e0c38a9ed8c1e259e1d54b2fa5e5f83e1eb15c651b4437583a0,2490
    pantry-tree:
      sha256: eeacd0822585acf511ed0ebd5586f8229cbc6fdf8c39ba504450691f18e0ec8d
      size: 1211
  original:
    hackage: process-1.6.3.0
- completed:
    hackage: unix-2.7.2.2@sha256:15f5365c5995634e45de1772b9504761504a310184e676bc2ef60a14536dbef9,3496
    pantry-tree:
      sha256: 36434ced74d679622d61b69e8d92e1bd632d9ef3e284c63094653b2e473b0553
      size: 3536
  original:
    hackage: unix-2.7.2.2
- completed:
    hackage: prometheus-client-1.0.0@sha256:49c66cb52200363b4fe4254dca96ddb0c587f076673e29d530e8864e6f8bc362,2518
    pantry-tree:
      sha256: a72305cc651b4adc527d1b2ac6e096a3b3ed4edb64463cf4aa27cf8aca1d543d
      size: 1225
  original:
    hackage: prometheus-client-1.0.0
- completed:
    hackage: data-sketches-0.3.1.0@sha256:4c24ecdefa3020252482e662dbf05dc3a6c2efa8cf299e2aa32f9990b770f483,2860
    pantry-tree:
      sha256: e10d906d54bc48ea87d445e30114aba04a395b9f8ac43d0e1503b7e98f589590
      size: 1014
  original:
    hackage: data-sketches-0.3.1.0
snapshots:
- completed:
    sha256: 3e9a7b96708cd9196ce7e5396143725097a71f2e9ca8dc19f03f5082642bc1b5
    size: 499178
    url: https://raw.githubusercontent.com/commercialhaskell/stackage-snapshots/master/lts/12/0.yaml
  original: lts-12.0
