# This file was autogenerated by Stack.
# You should not edit this file by hand.
# For more information, please see the documentation at:
#   https://docs.haskellstack.org/en/stable/topics/lock_files

packages:
- completed:
    hackage: global-lock-0.1@sha256:b7affe140763f53f17fd9c937dfe9b8023c7d209216fb3793933957e49a7446f,1327
    pantry-tree:
      sha256: d909a170116ad483db6fc9d5190211f6a0e4b7dcd8e87f38ff2337b6a9bd9be6
      size: 492
  original:
    hackage: global-lock-0.1
- completed:
    hackage: logging-effect-1.1.3@sha256:9fe4ea56eaeb4078b4424fc681a4d59d66bf5b0f4ffe9ebed70e30d1e99c7bf6,1591
    pantry-tree:
      sha256: 37b5737e67539a669dbb46215d2bd386f67010e18b8c983fd6d441e5a7225bd3
      size: 330
  original:
    hackage: logging-effect-1.1.3
- completed:
    hackage: hflags-0.4.3@sha256:f6b85fc7cbd170787f49225646e62d5589e5dd75abe6f26d16287e5fff3e678e,3121
    pantry-tree:
      sha256: 2519de50ccfe2d47f03aad3cff660617aab4beea7a6c003c50f94aa74d63a7c7
      size: 853
  original:
    hackage: hflags-0.4.3
- completed:
    hackage: prometheus-metrics-ghc-1.0.1.2@sha256:216bcbf6cb2dbd382951ee05b8143e63ac74f8eda485b22d4d8cd891d7df12ba,1233
    pantry-tree:
      sha256: bc2355e4bf4649d095d56521bcab3154d99ec14e30c06a47e20fa2a205152c7f
      size: 293
  original:
    hackage: prometheus-metrics-ghc-1.0.1.2
- completed:
    hackage: prometheus-client-1.1.1@sha256:c4f75230e611fde9745b2f09d948902a849f7832a7729272eb4a553394a18af8,2590
    pantry-tree:
      sha256: 1d778395b625cd7451432a3c4a64b951f54256615dea41b02529b26d6047ac5b
      size: 1225
  original:
    hackage: prometheus-client-1.1.1
- completed:
    hackage: data-sketches-0.3.1.0@sha256:4c24ecdefa3020252482e662dbf05dc3a6c2efa8cf299e2aa32f9990b770f483,2860
    pantry-tree:
      sha256: e10d906d54bc48ea87d445e30114aba04a395b9f8ac43d0e1503b7e98f589590
      size: 1014
  original:
    hackage: data-sketches-0.3.1.0
- completed:
    hackage: data-sketches-core-0.1.0.0@sha256:6ff50a5a1c4b5d69a02fe947800deec56cb8c18b72aa750074f16cd591422c7d,2371
    pantry-tree:
      sha256: e0405bef93d6230d45e513aaad5cf1c4bbdfe3aa2172617ed0a8049483b49427
      size: 1226
  original:
    hackage: data-sketches-core-0.1.0.0
- completed:
    hackage: hoopl-3.10.2.2@sha256:ddd36c30f166b179173502ef6f8179f96f59671442060b61f6716ff825f9d748,3317
    pantry-tree:
      sha256: 08339d61c1955f5c2d3ed509d083304a02dd5db34f461bc7c329e93d3cbdb54c
      size: 1711
  original:
    hackage: hoopl-3.10.2.2
snapshots:
- completed:
    sha256: 7ea31a280c56bf36ff591a7397cc384d0dff622e7f9e4225b47d8980f019a0f0
    size: 524996
    url: https://raw.githubusercontent.com/commercialhaskell/stackage-snapshots/master/lts/14/27.yaml
  original: lts-14.27
